Microsoft Visual Studio Solution File, Format Version 12.00
# Visual Studio Version 17
VisualStudioVersion = 17.5.2.0
MinimumVisualStudioVersion = 10.0.40219.1
Project("{FAE04EC0-301F-11D3-BF4B-00C04F79EFBC}") = "Entidades", "Entidades.csproj", "{05513C00-A7D6-5FED-5374-1B835FCE2525}"
EndProject
Global
	GlobalSection(SolutionConfigurationPlatforms) = preSolution
		Debug|Any CPU = Debug|Any CPU
		Release|Any CPU = Release|Any CPU
	EndGlobalSection
	GlobalSection(ProjectConfigurationPlatforms) = postSolution
		{05513C00-A7D6-5FED-5374-1B835FCE2525}.Debug|Any CPU.ActiveCfg = Debug|Any CPU
		{05513C00-A7D6-5FED-5374-1B835FCE2525}.Debug|Any CPU.Build.0 = Debug|Any CPU
		{05513C00-A7D6-5FED-5374-1B835FCE2525}.Release|Any CPU.ActiveCfg = Release|Any CPU
		{05513C00-A7D6-5FED-5374-1B835FCE2525}.Release|Any CPU.Build.0 = Release|Any CPU
	EndGlobalSection
	GlobalSection(SolutionProperties) = preSolution
		HideSolutionNode = FALSE
	EndGlobalSection
	GlobalSection(ExtensibilityGlobals) = postSolution
		SolutionGuid = {BE06CA04-A9BF-4217-BC31-6E4E2A7A6D56}
	EndGlobalSection
EndGlobal
